dependencies:
- name: memcached
  repository: https://charts.bitnami.com/bitnami
  version: 6.2.5
- name: memcached
  repository: https://charts.bitnami.com/bitnami
  version: 6.2.5
- name: memcached
  repository: https://charts.bitnami.com/bitnami
  version: 6.2.5
- name: memcached
  repository: https://charts.bitnami.com/bitnami
  version: 6.2.5
- name: memcached
  repository: https://charts.bitnami.com/bitnami
  version: 6.2.5
- name: memcached
  repository: https://charts.bitnami.com/bitnami
  version: 6.2.5
- name: memcached
  repository: https://charts.bitnami.com/bitnami
  version: 6.2.5
- name: consul
  repository: https://helm.releases.hashicorp.com
  version: 0.49.0
- name: rollout-operator
  repository: https://grafana.github.io/helm-charts
  version: 0.1.2
digest: sha256:b0e72a037c35c478d5d7ec196bbd8bc335f3fefac3a0bc1cdcf6442451105dfd
generated: "2022-10-06T14:00:11.500783+02:00"
