dependencies:
- name: memcached
  repository: https://charts.bitnami.com/bitnami
  version: 6.0.17
- name: memcached
  repository: https://charts.bitnami.com/bitnami
  version: 6.0.17
- name: memcached
  repository: https://charts.bitnami.com/bitnami
  version: 6.0.17
- name: memcached
  repository: https://charts.bitnami.com/bitnami
  version: 6.0.17
- name: memcached
  repository: https://charts.bitnami.com/bitnami
  version: 6.0.17
- name: memcached
  repository: https://charts.bitnami.com/bitnami
  version: 6.0.17
- name: memcached
  repository: https://charts.bitnami.com/bitnami
  version: 6.0.17
- name: consul
  repository: https://helm.releases.hashicorp.com
  version: 0.31.1
- name: rollout-operator
  repository: https://grafana.github.io/helm-charts
  version: 0.1.2
digest: sha256:93d67b89e94edacaca766aad585311d864b587f66c684b8933972bce244b7aff
generated: "2022-08-26T13:31:00.952957+02:00"
