dependencies:
- name: memcached
  repository: https://charts.bitnami.com/bitnami
  version: 6.0.17
- name: memcached
  repository: https://charts.bitnami.com/bitnami
  version: 6.0.17
- name: memcached
  repository: https://charts.bitnami.com/bitnami
  version: 6.0.17
- name: memcached
  repository: https://charts.bitnami.com/bitnami
  version: 6.0.17
- name: memcached
  repository: https://charts.bitnami.com/bitnami
  version: 6.0.17
- name: memcached
  repository: https://charts.bitnami.com/bitnami
  version: 6.0.17
- name: memcached
  repository: https://charts.bitnami.com/bitnami
  version: 6.0.17
- name: consul
  repository: https://helm.releases.hashicorp.com
  version: 0.31.1
- name: rollout-operator
  repository: https://grafana.github.io/helm-charts
  version: 0.1.2
digest: sha256:da69d0ebee978ed0ab92b759e96b4125fb0565ba99948dbf3d35ae4622e8c881
generated: "2022-08-26T07:11:32.448811+02:00"
